
Microsoft Visual Studio Solution File, Format Version 12.00
# Visual Studio Version 16
VisualStudioVersion = 16.0.28917.181
MinimumVisualStudioVersion = 10.0.40219.1
Project("{FAE04EC0-301F-11D3-BF4B-00C04F79EFBC}") = "ConsoleApp4Integers", "ConsoleApp4Integers\ConsoleApp4Integers.csproj", "{FC051CC3-9EDB-4CEC-91F9-9C389C61A40B}"
EndProject
Global
	GlobalSection(SolutionConfigurationPlatforms) = preSolution
		Debug|Any CPU = Debug|Any CPU
		Release|Any CPU = Release|Any CPU
	EndGlobalSection
	GlobalSection(ProjectConfigurationPlatforms) = postSolution
		{FC051CC3-9EDB-4CEC-91F9-9C389C61A40B}.Debug|Any CPU.ActiveCfg = Debug|Any CPU
		{FC051CC3-9EDB-4CEC-91F9-9C389C61A40B}.Debug|Any CPU.Build.0 = Debug|Any CPU
		{FC051CC3-9EDB-4CEC-91F9-9C389C61A40B}.Release|Any CPU.ActiveCfg = Release|Any CPU
		{FC051CC3-9EDB-4CEC-91F9-9C389C61A40B}.Release|Any CPU.Build.0 = Release|Any CPU
	EndGlobalSection
	GlobalSection(SolutionProperties) = preSolution
		HideSolutionNode = FALSE
	EndGlobalSection
	GlobalSection(ExtensibilityGlobals) = postSolution
		SolutionGuid = {D3C02154-32A4-4932-9576-8E72DE1413BA}
	EndGlobalSection
EndGlobal
